{"1.2.0",
[{<<"backoff">>,{pkg,<<"backoff">>,<<"1.1.6">>},2},
 {<<"elli">>,{pkg,<<"elli">>,<<"3.3.0">>},0},
 {<<"gleam_elli">>,{pkg,<<"gleam_elli">>,<<"0.2.1">>},0},
 {<<"gleam_http">>,{pkg,<<"gleam_http">>,<<"1.6.0">>},0},
 {<<"gleam_otp">>,{pkg,<<"gleam_otp">>,<<"0.1.3">>},0},
 {<<"gleam_pgo">>,{pkg,<<"gleam_pgo">>,<<"0.1.1">>},0},
 {<<"gleam_stdlib">>,{pkg,<<"gleam_stdlib">>,<<"0.12.0">>},0},
 {<<"jose">>,{pkg,<<"jose">>,<<"1.11.0">>},0},
 {<<"jsone">>,{pkg,<<"jsone">>,<<"1.5.4">>},0},
 {<<"pg_types">>,{pkg,<<"pg_types">>,<<"0.4.0">>},2},
 {<<"pgo">>,{pkg,<<"pgo">>,<<"0.11.1">>},1},
 {<<"telemetry">>,{pkg,<<"telemetry">>,<<"0.4.2">>},2}]}.
[
{pkg_hash,[
 {<<"backoff">>, <<"83B72ED2108BA1EE8F7D1C22E0B4A00CFE3593A67DBC792799E8CCE9F42F796B">>},
 {<<"elli">>, <<"089218762A7FF3D20AE81C8E911BD0F73EE4EE0ED85454226D1FC6B4FFF3B4F6">>},
 {<<"gleam_elli">>, <<"B0339002A385048AC0701A381CD62B6FAFBCBB0743104A072D05D28898914D7E">>},
 {<<"gleam_http">>, <<"7D37B0287EA47A47987DA5FD7CADB75DB9C96C3192D7C28C2182CD793496784F">>},
 {<<"gleam_otp">>, <<"1501F9F838B254B854B7D0894113790A444096ECCABC2F7010F56C643AEB7D96">>},
 {<<"gleam_pgo">>, <<"1DDE5ACA2A73DE822A725A8CCAA7BA2CE7654680BE103685125E37A2A75341F7">>},
 {<<"gleam_stdlib">>, <<"722B00F9A08E44D9582922B4EF6E890CA60E2CAEBEFE81192F3CC8D337F2F0CF">>},
 {<<"jose">>, <<"B1E6145881C97F489A26C19E117BE014EDCD1EAC71DEEDCE09EBB3A529569578">>},
 {<<"jsone">>, <<"25C8592FAC4B1340826834690519D317D519799F2B280678291DAC54F9E3794C">>},
 {<<"pg_types">>, <<"3CE365C92903C5BB59C0D56382D842C8C610C1B6F165E20C4B652C96FA7E9C14">>},
 {<<"pgo">>, <<"4B699096E0C5009610AB063F68B97D1B45FD4BAFA286ED5FFC6744DA07F7B6A6">>},
 {<<"telemetry">>, <<"2808C992455E08D6177322F14D3BDB6B625FBCFD233A73505870D8738A2F4599">>}]},
{pkg_hash_ext,[
 {<<"backoff">>, <<"CF0CFFF8995FB20562F822E5CC47D8CCF664C5ECDC26A684CBE85C225F9D7C39">>},
 {<<"elli">>, <<"698B13B33D05661DB9FE7EFCBA41B84825A379CCE86E486CF6AFF9285BE0CCF8">>},
 {<<"gleam_elli">>, <<"AAE4CD50DC322A067C3BEFEECC2026B6DB81A2817A34617435ABECEECBCC4D3E">>},
 {<<"gleam_http">>, <<"1DD7E0F0103DE27B1F5F985C0B146446C9D2726EF3B3525E8765D1E02FBE3926">>},
 {<<"gleam_otp">>, <<"4C914E4C73E311D546E4BC17812A3A6ACDF49C68750CE2CCDF98F93DA742CCB6">>},
 {<<"gleam_pgo">>, <<"420BA727BED5D8DC3EB1C9A57971FD8BBB8477212B509F3DD5046CBE84231F8C">>},
 {<<"gleam_stdlib">>, <<"C3435F25629ED5F2C0D53A1BC2FDF89ACDFFA75F036CB27396C1EF70396F644A">>},
 {<<"jose">>, <<"35739462122A4D073519643E55D582375F4C43192D1BCD240357D101B80B2B34">>},
 {<<"jsone">>, <<"EA0AF08863188FAB0BDA69DB5A20253723F246CF50719CA52E4B692464F445F8">>},
 {<<"pg_types">>, <<"B02EFA785CAECECF9702C681C80A9CA12A39F9161A846CE17B01FB20AEEED7EB">>},
 {<<"pgo">>, <<"30F38CA823A98C41EF23967D133E91B45AD14AEE0766F4773E88BCCF46BA17A5">>},
 {<<"telemetry">>, <<"2D1419BD9DDA6A206D7B5852179511722E2B18812310D304620C7BD92A13FCEF">>}]}
].
